# This file is automatically @generated by Cargo.
# It is not intended for manual editing.
version = 3

[[package]]
name = "hmac-sha512"
version = "1.1.5"
source = "registry+https://github.com/rust-lang/crates.io-index"
checksum = "e4ce1f4656bae589a3fab938f9f09bf58645b7ed01a2c5f8a3c238e01a4ef78a"

[[package]]
name = "sha512-zeros"
version = "0.1.0"
dependencies = [
 "hmac-sha512",
]
